{
  "name": "pulse",
  "lockfileVersion": 3,
  "requires": true,
  "packages": {
    "": {
      "dependencies": {
        "svelte-json-tree": "^1.0.0"
      }
    },
    "node_modules/svelte-json-tree": {
      "version": "1.0.0",
      "resolved": "https://registry.npmjs.org/svelte-json-tree/-/svelte-json-tree-1.0.0.tgz",
      "integrity": "sha512-scs1OdkC8uFpTN4MX0yKkOzZ1/EG3eP1ARC+xcFthXp2IfcwBaXgab0FqA4Am0vQwffNNB+1Gd1LFkJBlynWTA==",
      "license": "MIT"
    }
  }
}
